
Microsoft Visual Studio Solution File, Format Version 12.00
# Visual Studio Version 16
VisualStudioVersion = 16.0.32413.511
MinimumVisualStudioVersion = 10.0.40219.1
Project("{8BC9CEB8-8B4A-11D0-8D11-00A0C91BC942}") = "Othello", "Othello\Othello.vcxproj", "{3B15F997-FB10-48E6-9CF5-4F457101B850}"
EndProject
Global
	GlobalSection(SolutionConfigurationPlatforms) = preSolution
		Debug|x64 = Debug|x64
		Debug|x86 = Debug|x86
		Release|x64 = Release|x64
		Release|x86 = Release|x86
	EndGlobalSection
	GlobalSection(ProjectConfigurationPlatforms) = postSolution
		{3B15F997-FB10-48E6-9CF5-4F457101B850}.Debug|x64.ActiveCfg = Debug|x64
		{3B15F997-FB10-48E6-9CF5-4F457101B850}.Debug|x64.Build.0 = Debug|x64
		{3B15F997-FB10-48E6-9CF5-4F457101B850}.Debug|x86.ActiveCfg = Debug|Win32
		{3B15F997-FB10-48E6-9CF5-4F457101B850}.Debug|x86.Build.0 = Debug|Win32
		{3B15F997-FB10-48E6-9CF5-4F457101B850}.Release|x64.ActiveCfg = Release|x64
		{3B15F997-FB10-48E6-9CF5-4F457101B850}.Release|x64.Build.0 = Release|x64
		{3B15F997-FB10-48E6-9CF5-4F457101B850}.Release|x86.ActiveCfg = Release|Win32
		{3B15F997-FB10-48E6-9CF5-4F457101B850}.Release|x86.Build.0 = Release|Win32
	EndGlobalSection
	GlobalSection(SolutionProperties) = preSolution
		HideSolutionNode = FALSE
	EndGlobalSection
	GlobalSection(ExtensibilityGlobals) = postSolution
		SolutionGuid = {7EF7CF58-FCE9-4E41-A41C-24BAD0769ED6}
	EndGlobalSection
EndGlobal
